
Microsoft Visual Studio Solution File, Format Version 12.00
# Visual Studio Version 17
VisualStudioVersion = 17.1.32228.430
MinimumVisualStudioVersion = 10.0.40219.1
Project("{9A19103F-16F7-4668-BE54-9A1E7A4F7556}") = "API", "API\API.csproj", "{8A64AF2E-5577-4A0B-AE9A-5BCD07962048}"
EndProject
Project("{FAE04EC0-301F-11D3-BF4B-00C04F79EFBC}") = "APITest", "APITest\APITest.csproj", "{B3E23F7F-8B93-4A42-9D56-0C5D6FBAEC8D}"
EndProject
Global
	GlobalSection(SolutionConfigurationPlatforms) = preSolution
		Debug|Any CPU = Debug|Any CPU
		Release|Any CPU = Release|Any CPU
	EndGlobalSection
	GlobalSection(ProjectConfigurationPlatforms) = postSolution
		{8A64AF2E-5577-4A0B-AE9A-5BCD07962048}.Debug|Any CPU.ActiveCfg = Debug|Any CPU
		{8A64AF2E-5577-4A0B-AE9A-5BCD07962048}.Debug|Any CPU.Build.0 = Debug|Any CPU
		{8A64AF2E-5577-4A0B-AE9A-5BCD07962048}.Release|Any CPU.ActiveCfg = Release|Any CPU
		{8A64AF2E-5577-4A0B-AE9A-5BCD07962048}.Release|Any CPU.Build.0 = Release|Any CPU
		{B3E23F7F-8B93-4A42-9D56-0C5D6FBAEC8D}.Debug|Any CPU.ActiveCfg = Debug|Any CPU
		{B3E23F7F-8B93-4A42-9D56-0C5D6FBAEC8D}.Debug|Any CPU.Build.0 = Debug|Any CPU
		{B3E23F7F-8B93-4A42-9D56-0C5D6FBAEC8D}.Release|Any CPU.ActiveCfg = Release|Any CPU
		{B3E23F7F-8B93-4A42-9D56-0C5D6FBAEC8D}.Release|Any CPU.Build.0 = Release|Any CPU
	EndGlobalSection
	GlobalSection(SolutionProperties) = preSolution
		HideSolutionNode = FALSE
	EndGlobalSection
	GlobalSection(ExtensibilityGlobals) = postSolution
		SolutionGuid = {6C821FBB-A7FA-405C-BD92-2D1CEE79814D}
	EndGlobalSection
EndGlobal
